PODS:
  - camerawesome (0.0.1):
    - Flutter
    - JPSVolumeButtonHandler
  - Flutter (1.0.0)
  - image_picker_ios (0.0.1):
    - Flutter
  - JPSVolumeButtonHandler (1.0.5)

DEPENDENCIES:
  - camerawesome (from `.symlinks/plugins/camerawesome/ios`)
  - Flutter (from `Flutter`)
  - image_picker_ios (from `.symlinks/plugins/image_picker_ios/ios`)

SPEC REPOS:
  trunk:
    - JPSVolumeButtonHandler

EXTERNAL SOURCES:
  camerawesome:
    :path: ".symlinks/plugins/camerawesome/ios"
  Flutter:
    :path: Flutter
  image_picker_ios:
    :path: ".symlinks/plugins/image_picker_ios/ios"

SPEC CHECKSUMS:
  camerawesome: 1e06540f60158809bc70f398ed1ac2cf93fe4188
  Flutter: f04841e97a9d0b0a8025694d0796dd46242b2854
  image_picker_ios: 4a8aadfbb6dc30ad5141a2ce3832af9214a705b5
  JPSVolumeButtonHandler: 53110330c9168ed325def93eabff39f0fe3e8082

PODFILE CHECKSUM: 70d9d25280d0dd177a5f637cdb0f0b0b12c6a189

COCOAPODS: 1.12.1
